{
  "name": "egg-y-prisma",
  "version": "1.0.0",
  "lockfileVersion": 1,
  "requires": true,
  "dependencies": {
    "@types/graphql": {
      "version": "0.12.6",
      "resolved": "http://registry.npm.taobao.org/@types/graphql/download/@types/graphql-0.12.6.tgz",
      "integrity": "sha1-PWGRmFhfyr5fThrftc9fM4jGbBM="
    },
    "ansi-regex": {
      "version": "3.0.0",
      "resolved": "http://registry.npm.taobao.org/ansi-regex/download/ansi-regex-3.0.0.tgz",
      "integrity": "sha1-7QMXwyIGT3lGbAKWa922Bas32Zg="
    },
    "apollo-link": {
      "version": "1.2.2",
      "resolved": "http://registry.npm.taobao.org/apollo-link/download/apollo-link-1.2.2.tgz",
      "integrity": "sha1-VMhBmbGKwa+NY1U6aMo4nAUhegM=",
      "requires": {
        "@types/graphql": "0.12.6",
        "apollo-utilities": "^1.0.0",
        "zen-observable-ts": "^0.8.9"
      }
    },
    "apollo-link-error": {
      "version": "1.0.9",
      "resolved": "http://registry.npm.taobao.org/apollo-link-error/download/apollo-link-error-1.0.9.tgz",
      "integrity": "sha1-g7vgGaO8p8YCw5mImzE6fl4icT8=",
      "requires": {
        "apollo-link": "^1.2.2"
      }
    },
    "apollo-link-ws": {
      "version": "1.0.8",
      "resolved": "http://registry.npm.taobao.org/apollo-link-ws/download/apollo-link-ws-1.0.8.tgz",
      "integrity": "sha1-rB3o8p6SQYcoR5qaUjr591uczIs=",
      "requires": {
        "apollo-link": "^1.2.2"
      }
    },
    "apollo-utilities": {
      "version": "1.0.20",
      "resolved": "http://registry.npm.taobao.org/apollo-utilities/download/apollo-utilities-1.0.20.tgz",
      "integrity": "sha1-sUMYaGy2eDgnn7XwCcyg7Jek0UA=",
      "requires": {
        "fast-json-stable-stringify": "^2.0.0"
      }
    },
    "arrify": {
      "version": "1.0.1",
      "resolved": "http://registry.npm.taobao.org/arrify/download/arrify-1.0.1.tgz",
      "integrity": "sha1-iYUI2iIm84DfkEcoRWhJwVAaSw0="
    },
    "async-limiter": {
      "version": "1.0.0",
      "resolved": "http://registry.npm.taobao.org/async-limiter/download/async-limiter-1.0.0.tgz",
      "integrity": "sha1-ePrtjD0HSrgfIrTphdeehzj3IPg="
    },
    "backo2": {
      "version": "1.0.2",
      "resolved": "http://registry.npm.taobao.org/backo2/download/backo2-1.0.2.tgz",
      "integrity": "sha1-MasayLEpNjRj41s+u2n038+6eUc="
    },
    "buffer-equal-constant-time": {
      "version": "1.0.1",
      "resolved": "http://registry.npm.taobao.org/buffer-equal-constant-time/download/buffer-equal-constant-time-1.0.1.tgz",
      "integrity": "sha1-+OcRMvf/5uAaXJaXpMbz5I1cyBk="
    },
    "buffer-from": {
      "version": "1.1.1",
      "resolved": "http://registry.npm.taobao.org/buffer-from/download/buffer-from-1.1.1.tgz",
      "integrity": "sha1-MnE7wCj3XAL9txDXx7zsHyxgcO8="
    },
    "camelcase": {
      "version": "4.1.0",
      "resolved": "http://registry.npm.taobao.org/camelcase/download/camelcase-4.1.0.tgz",
      "integrity": "sha1-1UVjW+HjPFQmScaRc+Xeas+uNN0="
    },
    "casual": {
      "version": "1.5.19",
      "resolved": "http://registry.npm.taobao.org/casual/download/casual-1.5.19.tgz",
      "integrity": "sha1-ZvrEb3rkY/Ro9ZE+sTn5xBxYu/I=",
      "requires": {
        "mersenne-twister": "^1.0.1",
        "moment": "^2.15.2"
      }
    },
    "cliui": {
      "version": "4.1.0",
      "resolved": "http://registry.npm.taobao.org/cliui/download/cliui-4.1.0.tgz",
      "integrity": "sha1-NIQi2+gtgAswIu709qwQvy5NG0k=",
      "requires": {
        "string-width": "^2.1.1",
        "strip-ansi": "^4.0.0",
        "wrap-ansi": "^2.0.0"
      }
    },
    "code-point-at": {
      "version": "1.1.0",
      "resolved": "http://registry.npm.taobao.org/code-point-at/download/code-point-at-1.1.0.tgz",
      "integrity": "sha1-DQcLTQQ6W+ozovGkDi7bPZpMz3c="
    },
    "cross-fetch": {
      "version": "2.1.1",
      "resolved": "http://registry.npm.taobao.org/cross-fetch/download/cross-fetch-2.1.1.tgz",
      "integrity": "sha1-xBs3r45iyhxq0L1Rnc0KFsdbbx8=",
      "requires": {
        "node-fetch": "2.1.2",
        "whatwg-fetch": "2.0.4"
      }
    },
    "cross-spawn": {
      "version": "5.1.0",
      "resolved": "http://registry.npm.taobao.org/cross-spawn/download/cross-spawn-5.1.0.tgz",
      "integrity": "sha1-6L0O/uWPz/b4+UUQoKVUu/ojVEk=",
      "requires": {
        "lru-cache": "^4.0.1",
        "shebang-command": "^1.2.0",
        "which": "^1.2.9"
      }
    },
    "dataloader": {
      "version": "1.4.0",
      "resolved": "http://registry.npm.taobao.org/dataloader/download/dataloader-1.4.0.tgz",
      "integrity": "sha1-vKEdhn9dPxue2fc3vRWXDGXf9cg="
    },
    "decamelize": {
      "version": "1.2.0",
      "resolved": "http://registry.npm.taobao.org/decamelize/download/decamelize-1.2.0.tgz",
      "integrity": "sha1-9lNNFRSCabIDUue+4m9QH5oZEpA="
    },
    "deprecated-decorator": {
      "version": "0.1.6",
      "resolved": "http://registry.npm.taobao.org/deprecated-decorator/download/deprecated-decorator-0.1.6.tgz",
      "integrity": "sha1-AJZjF7ehL+kvPMgx91g68ym4bDc="
    },
    "diff": {
      "version": "3.5.0",
      "resolved": "http://registry.npm.taobao.org/diff/download/diff-3.5.0.tgz",
      "integrity": "sha1-gAwN0eCov7yVg1wgKtIg/jF+WhI="
    },
    "ecdsa-sig-formatter": {
      "version": "1.0.10",
      "resolved": "http://registry.npm.taobao.org/ecdsa-sig-formatter/download/ecdsa-sig-formatter-1.0.10.tgz",
      "integrity": "sha1-HFlQAPBKiJffuFAAiSoPTDOvhsM=",
      "requires": {
        "safe-buffer": "^5.0.1"
      }
    },
    "eventemitter3": {
      "version": "2.0.3",
      "resolved": "http://registry.npm.taobao.org/eventemitter3/download/eventemitter3-2.0.3.tgz",
      "integrity": "sha1-teEHm1n7XhuidxwKmTvgYKWMmbo="
    },
    "execa": {
      "version": "0.7.0",
      "resolved": "http://registry.npm.taobao.org/execa/download/execa-0.7.0.tgz",
      "integrity": "sha1-lEvs00zEHuMqY6n68nrVpl/Fl3c=",
      "requires": {
        "cross-spawn": "^5.0.1",
        "get-stream": "^3.0.0",
        "is-stream": "^1.1.0",
        "npm-run-path": "^2.0.0",
        "p-finally": "^1.0.0",
        "signal-exit": "^3.0.0",
        "strip-eof": "^1.0.0"
      }
    },
    "fast-json-stable-stringify": {
      "version": "2.0.0",
      "resolved": "http://registry.npm.taobao.org/fast-json-stable-stringify/download/fast-json-stable-stringify-2.0.0.tgz",
      "integrity": "sha1-1RQsDK7msRifh9OnYREGT4bIu/I="
    },
    "find-up": {
      "version": "2.1.0",
      "resolved": "http://registry.npm.taobao.org/find-up/download/find-up-2.1.0.tgz",
      "integrity": "sha1-RdG35QbHF93UgndaK3eSCjwMV6c=",
      "requires": {
        "locate-path": "^2.0.0"
      }
    },
    "get-caller-file": {
      "version": "1.0.3",
      "resolved": "http://registry.npm.taobao.org/get-caller-file/download/get-caller-file-1.0.3.tgz",
      "integrity": "sha1-+Xj6TJDR3+f/LWvtoqUV5xO9z0o="
    },
    "get-stream": {
      "version": "3.0.0",
      "resolved": "http://registry.npm.taobao.org/get-stream/download/get-stream-3.0.0.tgz",
      "integrity": "sha1-jpQ9E1jcN1VQVOy+LtsFqhdO3hQ="
    },
    "graphql": {
      "version": "14.0.0",
      "resolved": "http://registry.npm.taobao.org/graphql/download/graphql-14.0.0.tgz",
      "integrity": "sha1-TudxxSZtCMt13y06xB6N1Rzj1Zk=",
      "requires": {
        "iterall": "^1.2.2"
      }
    },
    "graphql-binding": {
      "version": "2.2.2",
      "resolved": "http://registry.npm.taobao.org/graphql-binding/download/graphql-binding-2.2.2.tgz",
      "integrity": "sha1-MUYjo55ah3+B/+5PIwYuyyVmiXo=",
      "requires": {
        "graphql-import": "^0.5.2",
        "graphql-tools": "3.1.0",
        "iterall": "1.2.2",
        "object-path-immutable": "^1.0.1",
        "resolve-cwd": "^2.0.0",
        "ts-node": "^6.0.2",
        "yargs": "^11.0.0"
      },
      "dependencies": {
        "yargs": {
          "version": "11.1.0",
          "resolved": "http://registry.npm.taobao.org/yargs/download/yargs-11.1.0.tgz",
          "integrity": "sha1-kLhpk07W6HERXqL/WLA/RyTtLXc=",
          "requires": {
            "cliui": "^4.0.0",
            "decamelize": "^1.1.1",
            "find-up": "^2.1.0",
            "get-caller-file": "^1.0.1",
            "os-locale": "^2.0.0",
            "require-directory": "^2.1.1",
            "require-main-filename": "^1.0.1",
            "set-blocking": "^2.0.0",
            "string-width": "^2.0.0",
            "which-module": "^2.0.0",
            "y18n": "^3.2.1",
            "yargs-parser": "^9.0.2"
          }
        }
      }
    },
    "graphql-import": {
      "version": "0.5.2",
      "resolved": "http://registry.npm.taobao.org/graphql-import/download/graphql-import-0.5.2.tgz",
      "integrity": "sha1-1+BdwH0tZujYxL1AhlD5/a7duPg=",
      "requires": {
        "lodash": "^4.17.4"
      }
    },
    "graphql-tools": {
      "version": "3.1.0",
      "resolved": "http://registry.npm.taobao.org/graphql-tools/download/graphql-tools-3.1.0.tgz",
      "integrity": "sha1-8MmWlvq67ZXiwPB1NM8Xk3SQbTs=",
      "requires": {
        "apollo-link": "^1.2.2",
        "apollo-utilities": "^1.0.1",
        "casual": "^1.5.19",
        "deprecated-decorator": "^0.1.6",
        "iterall": "^1.1.3"
      }
    },
    "http-link-dataloader": {
      "version": "0.1.5",
      "resolved": "http://registry.npm.taobao.org/http-link-dataloader/download/http-link-dataloader-0.1.5.tgz",
      "integrity": "sha1-PcozQeRJvyakS1ciL7sd+YaVj30=",
      "requires": {
        "apollo-link": "^1.2.1",
        "cross-fetch": "2.2.2",
        "dataloader": "^1.4.0"
      },
      "dependencies": {
        "cross-fetch": {
          "version": "2.2.2",
          "resolved": "http://registry.npm.taobao.org/cross-fetch/download/cross-fetch-2.2.2.tgz",
          "integrity": "sha1-pH/09/xxLauo9qaVoRyUhEDUVyM=",
          "requires": {
            "node-fetch": "2.1.2",
            "whatwg-fetch": "2.0.4"
          }
        }
      }
    },
    "invert-kv": {
      "version": "1.0.0",
      "resolved": "http://registry.npm.taobao.org/invert-kv/download/invert-kv-1.0.0.tgz",
      "integrity": "sha1-EEqOSqym09jNFXqO+L+rLXo//bY="
    },
    "is-fullwidth-code-point": {
      "version": "2.0.0",
      "resolved": "http://registry.npm.taobao.org/is-fullwidth-code-point/download/is-fullwidth-code-point-2.0.0.tgz",
      "integrity": "sha1-o7MKXE8ZkYMWeqq5O+764937ZU8="
    },
    "is-stream": {
      "version": "1.1.0",
      "resolved": "http://registry.npm.taobao.org/is-stream/download/is-stream-1.1.0.tgz",
      "integrity": "sha1-EtSj3U5o4Lec6428hBc66A2RykQ="
    },
    "isexe": {
      "version": "2.0.0",
      "resolved": "http://registry.npm.taobao.org/isexe/download/isexe-2.0.0.tgz",
      "integrity": "sha1-6PvzdNxVb/iUehDcsFctYz8s+hA="
    },
    "iterall": {
      "version": "1.2.2",
      "resolved": "http://registry.npm.taobao.org/iterall/download/iterall-1.2.2.tgz",
      "integrity": "sha1-ktcN64Ao4MOf8xZP2/TYsIgTDNc="
    },
    "jsonwebtoken": {
      "version": "8.2.1",
      "resolved": "http://registry.npm.taobao.org/jsonwebtoken/download/jsonwebtoken-8.2.1.tgz",
      "integrity": "sha1-Mz7jmqjyOPMvpBaT56L7fkL4KzE=",
      "requires": {
        "jws": "^3.1.4",
        "lodash.includes": "^4.3.0",
        "lodash.isboolean": "^3.0.3",
        "lodash.isinteger": "^4.0.4",
        "lodash.isnumber": "^3.0.3",
        "lodash.isplainobject": "^4.0.6",
        "lodash.isstring": "^4.0.1",
        "lodash.once": "^4.0.0",
        "ms": "^2.1.1",
        "xtend": "^4.0.1"
      }
    },
    "jwa": {
      "version": "1.1.6",
      "resolved": "http://registry.npm.taobao.org/jwa/download/jwa-1.1.6.tgz",
      "integrity": "sha1-hyQOdsmAjb3hh4PPImTvSSnuUOY=",
      "requires": {
        "buffer-equal-constant-time": "1.0.1",
        "ecdsa-sig-formatter": "1.0.10",
        "safe-buffer": "^5.0.1"
      }
    },
    "jws": {
      "version": "3.1.5",
      "resolved": "http://registry.npm.taobao.org/jws/download/jws-3.1.5.tgz",
      "integrity": "sha1-gNEtBbKT0ehB58uLTmnlYa3Pg08=",
      "requires": {
        "jwa": "^1.1.5",
        "safe-buffer": "^5.0.1"
      }
    },
    "lcid": {
      "version": "1.0.0",
      "resolved": "http://registry.npm.taobao.org/lcid/download/lcid-1.0.0.tgz",
      "integrity": "sha1-MIrMr6C8SDo4Z7S28rlQYlHRuDU=",
      "requires": {
        "invert-kv": "^1.0.0"
      }
    },
    "locate-path": {
      "version": "2.0.0",
      "resolved": "http://registry.npm.taobao.org/locate-path/download/locate-path-2.0.0.tgz",
      "integrity": "sha1-K1aLJl7slExtnA3pw9u7ygNUzY4=",
      "requires": {
        "p-locate": "^2.0.0",
        "path-exists": "^3.0.0"
      }
    },
    "lodash": {
      "version": "4.17.10",
      "resolved": "http://registry.npm.taobao.org/lodash/download/lodash-4.17.10.tgz",
      "integrity": "sha1-G3eTz3JZ6jj7NmHU04syYK+K5Oc="
    },
    "lodash.assign": {
      "version": "4.2.0",
      "resolved": "http://registry.npm.taobao.org/lodash.assign/download/lodash.assign-4.2.0.tgz",
      "integrity": "sha1-DZnzzNem0mHRm9rrkkUAXShYCOc="
    },
    "lodash.includes": {
      "version": "4.3.0",
      "resolved": "http://registry.npm.taobao.org/lodash.includes/download/lodash.includes-4.3.0.tgz",
      "integrity": "sha1-YLuYqHy5I8aMoeUTJUgzFISfVT8="
    },
    "lodash.isboolean": {
      "version": "3.0.3",
      "resolved": "http://registry.npm.taobao.org/lodash.isboolean/download/lodash.isboolean-3.0.3.tgz",
      "integrity": "sha1-bC4XHbKiV82WgC/UOwGyDV9YcPY="
    },
    "lodash.isinteger": {
      "version": "4.0.4",
      "resolved": "http://registry.npm.taobao.org/lodash.isinteger/download/lodash.isinteger-4.0.4.tgz",
      "integrity": "sha1-YZwK89A/iwTDH1iChAt3sRzWg0M="
    },
    "lodash.isnumber": {
      "version": "3.0.3",
      "resolved": "http://registry.npm.taobao.org/lodash.isnumber/download/lodash.isnumber-3.0.3.tgz",
      "integrity": "sha1-POdoEMWSjQM1IwGsKHMX8RwLH/w="
    },
    "lodash.isobject": {
      "version": "3.0.2",
      "resolved": "http://registry.npm.taobao.org/lodash.isobject/download/lodash.isobject-3.0.2.tgz",
      "integrity": "sha1-PI+41bW/S/kK4G4U8qUwpO2TXh0="
    },
    "lodash.isplainobject": {
      "version": "4.0.6",
      "resolved": "http://registry.npm.taobao.org/lodash.isplainobject/download/lodash.isplainobject-4.0.6.tgz",
      "integrity": "sha1-fFJqUtibRcRcxpC4gWO+BJf1UMs="
    },
    "lodash.isstring": {
      "version": "4.0.1",
      "resolved": "http://registry.npm.taobao.org/lodash.isstring/download/lodash.isstring-4.0.1.tgz",
      "integrity": "sha1-1SfftUVuynzJu5XV2ur4i6VKVFE="
    },
    "lodash.once": {
      "version": "4.1.1",
      "resolved": "http://registry.npm.taobao.org/lodash.once/download/lodash.once-4.1.1.tgz",
      "integrity": "sha1-DdOXEhPHxW34gJd9UEyI+0cal6w="
    },
    "lru-cache": {
      "version": "4.1.3",
      "resolved": "http://registry.npm.taobao.org/lru-cache/download/lru-cache-4.1.3.tgz",
      "integrity": "sha1-oRdc80lt/IQ2wVbDNLSVWZK85pw=",
      "requires": {
        "pseudomap": "^1.0.2",
        "yallist": "^2.1.2"
      }
    },
    "make-error": {
      "version": "1.3.5",
      "resolved": "http://registry.npm.taobao.org/make-error/download/make-error-1.3.5.tgz",
      "integrity": "sha1-7+ToH22yjK3WBccPKcgxtY73dsg="
    },
    "mem": {
      "version": "1.1.0",
      "resolved": "http://registry.npm.taobao.org/mem/download/mem-1.1.0.tgz",
      "integrity": "sha1-Xt1StIXKHZAP5kiVUFOZoN+kX3Y=",
      "requires": {
        "mimic-fn": "^1.0.0"
      }
    },
    "mersenne-twister": {
      "version": "1.1.0",
      "resolved": "http://registry.npm.taobao.org/mersenne-twister/download/mersenne-twister-1.1.0.tgz",
      "integrity": "sha1-+RZhjuQ9cXnvz2Qb7EUx65Zwl4o="
    },
    "mimic-fn": {
      "version": "1.2.0",
      "resolved": "http://registry.npm.taobao.org/mimic-fn/download/mimic-fn-1.2.0.tgz",
      "integrity": "sha1-ggyGo5M0ZA6ZUWkovQP8qIBX0CI="
    },
    "minimist": {
      "version": "1.2.0",
      "resolved": "http://registry.npm.taobao.org/minimist/download/minimist-1.2.0.tgz",
      "integrity": "sha1-o1AIsg9BOD7sH7kU9M1d95omQoQ="
    },
    "mkdirp": {
      "version": "0.5.1",
      "resolved": "http://registry.npm.taobao.org/mkdirp/download/mkdirp-0.5.1.tgz",
      "integrity": "sha1-MAV0OOrGz3+MR2fzhkjWaX11yQM=",
      "requires": {
        "minimist": "0.0.8"
      },
      "dependencies": {
        "minimist": {
          "version": "0.0.8",
          "resolved": "http://registry.npm.taobao.org/minimist/download/minimist-0.0.8.tgz",
          "integrity": "sha1-hX/Kv8M5fSYluCKCYuhqp6ARsF0="
        }
      }
    },
    "moment": {
      "version": "2.22.2",
      "resolved": "http://registry.npm.taobao.org/moment/download/moment-2.22.2.tgz",
      "integrity": "sha1-PCV/mDn8DpP/UxSWMiOeuQeD/2Y="
    },
    "ms": {
      "version": "2.1.1",
      "resolved": "http://registry.npm.taobao.org/ms/download/ms-2.1.1.tgz",
      "integrity": "sha1-MKWGTrPrsKZvLr5tcnrwagnYbgo="
    },
    "node-fetch": {
      "version": "2.1.2",
      "resolved": "http://registry.npm.taobao.org/node-fetch/download/node-fetch-2.1.2.tgz",
      "integrity": "sha1-q4hOjn5X44qUR1POxwb3iNF2i7U="
    },
    "npm-run-path": {
      "version": "2.0.2",
      "resolved": "http://registry.npm.taobao.org/npm-run-path/download/npm-run-path-2.0.2.tgz",
      "integrity": "sha1-NakjLfo11wZ7TLLd8jV7GHFTbF8=",
      "requires": {
        "path-key": "^2.0.0"
      }
    },
    "number-is-nan": {
      "version": "1.0.1",
      "resolved": "http://registry.npm.taobao.org/number-is-nan/download/number-is-nan-1.0.1.tgz",
      "integrity": "sha1-CXtgK1NCKlIsGvuHkDGDNpQaAR0="
    },
    "object-path-immutable": {
      "version": "1.0.3",
      "resolved": "http://registry.npm.taobao.org/object-path-immutable/download/object-path-immutable-1.0.3.tgz",
      "integrity": "sha1-uuVY29jEEHmF2C0F38HeofscMgg="
    },
    "os-locale": {
      "version": "2.1.0",
      "resolved": "http://registry.npm.taobao.org/os-locale/download/os-locale-2.1.0.tgz",
      "integrity": "sha1-QrwpAKa1uL0XN2yOiCtlr8zyS/I=",
      "requires": {
        "execa": "^0.7.0",
        "lcid": "^1.0.0",
        "mem": "^1.1.0"
      }
    },
    "p-finally": {
      "version": "1.0.0",
      "resolved": "http://registry.npm.taobao.org/p-finally/download/p-finally-1.0.0.tgz",
      "integrity": "sha1-P7z7FbiZpEEjs0ttzBi3JDNqLK4="
    },
    "p-limit": {
      "version": "1.3.0",
      "resolved": "http://registry.npm.taobao.org/p-limit/download/p-limit-1.3.0.tgz",
      "integrity": "sha1-uGvV8MJWkJEcdZD8v8IBDVSzzLg=",
      "requires": {
        "p-try": "^1.0.0"
      }
    },
    "p-locate": {
      "version": "2.0.0",
      "resolved": "http://registry.npm.taobao.org/p-locate/download/p-locate-2.0.0.tgz",
      "integrity": "sha1-IKAQOyIqcMj9OcwuWAaA893l7EM=",
      "requires": {
        "p-limit": "^1.1.0"
      }
    },
    "p-try": {
      "version": "1.0.0",
      "resolved": "http://registry.npm.taobao.org/p-try/download/p-try-1.0.0.tgz",
      "integrity": "sha1-y8ec26+P1CKOE/Yh8rGiN8GyB7M="
    },
    "path-exists": {
      "version": "3.0.0",
      "resolved": "http://registry.npm.taobao.org/path-exists/download/path-exists-3.0.0.tgz",
      "integrity": "sha1-zg6+ql94yxiSXqfYENe1mwEP1RU="
    },
    "path-key": {
      "version": "2.0.1",
      "resolved": "http://registry.npm.taobao.org/path-key/download/path-key-2.0.1.tgz",
      "integrity": "sha1-QRyttXTFoUDTpLGRDUDYDMn0C0A="
    },
    "prisma-binding": {
      "version": "2.1.4",
      "resolved": "http://registry.npm.taobao.org/prisma-binding/download/prisma-binding-2.1.4.tgz",
      "integrity": "sha1-Q38OBfmAeHcmUxaFWA1x0zWT7rk=",
      "requires": {
        "apollo-link": "1.2.2",
        "apollo-link-error": "1.0.9",
        "apollo-link-ws": "1.0.8",
        "cross-fetch": "2.1.1",
        "graphql-binding": "2.2.2",
        "graphql-import": "0.5.2",
        "graphql-tools": "3.1.0",
        "http-link-dataloader": "^0.1.2",
        "jsonwebtoken": "8.2.1",
        "subscriptions-transport-ws": "0.9.8",
        "yargs": "12.0.1"
      }
    },
    "pseudomap": {
      "version": "1.0.2",
      "resolved": "http://registry.npm.taobao.org/pseudomap/download/pseudomap-1.0.2.tgz",
      "integrity": "sha1-8FKijacOYYkX7wqKw0wa5aaChrM="
    },
    "require-directory": {
      "version": "2.1.1",
      "resolved": "http://registry.npm.taobao.org/require-directory/download/require-directory-2.1.1.tgz",
      "integrity": "sha1-jGStX9MNqxyXbiNE/+f3kqam30I="
    },
    "require-main-filename": {
      "version": "1.0.1",
      "resolved": "http://registry.npm.taobao.org/require-main-filename/download/require-main-filename-1.0.1.tgz",
      "integrity": "sha1-l/cXtp1IeE9fUmpsWqj/3aBVpNE="
    },
    "resolve-cwd": {
      "version": "2.0.0",
      "resolved": "http://registry.npm.taobao.org/resolve-cwd/download/resolve-cwd-2.0.0.tgz",
      "integrity": "sha1-AKn3OHVW4nA46uIyyqNypqWbZlo=",
      "requires": {
        "resolve-from": "^3.0.0"
      }
    },
    "resolve-from": {
      "version": "3.0.0",
      "resolved": "http://registry.npm.taobao.org/resolve-from/download/resolve-from-3.0.0.tgz",
      "integrity": "sha1-six699nWiBvItuZTM17rywoYh0g="
    },
    "safe-buffer": {
      "version": "5.1.2",
      "resolved": "http://registry.npm.taobao.org/safe-buffer/download/safe-buffer-5.1.2.tgz",
      "integrity": "sha1-mR7GnSluAxN0fVm9/St0XDX4go0="
    },
    "set-blocking": {
      "version": "2.0.0",
      "resolved": "http://registry.npm.taobao.org/set-blocking/download/set-blocking-2.0.0.tgz",
      "integrity": "sha1-BF+XgtARrppoA93TgrJDkrPYkPc="
    },
    "shebang-command": {
      "version": "1.2.0",
      "resolved": "http://registry.npm.taobao.org/shebang-command/download/shebang-command-1.2.0.tgz",
      "integrity": "sha1-RKrGW2lbAzmJaMOfNj/uXer98eo=",
      "requires": {
        "shebang-regex": "^1.0.0"
      }
    },
    "shebang-regex": {
      "version": "1.0.0",
      "resolved": "http://registry.npm.taobao.org/shebang-regex/download/shebang-regex-1.0.0.tgz",
      "integrity": "sha1-2kL0l0DAtC2yypcoVxyxkMmO/qM="
    },
    "signal-exit": {
      "version": "3.0.2",
      "resolved": "http://registry.npm.taobao.org/signal-exit/download/signal-exit-3.0.2.tgz",
      "integrity": "sha1-tf3AjxKH6hF4Yo5BXiUTK3NkbG0="
    },
    "source-map": {
      "version": "0.6.1",
      "resolved": "http://registry.npm.taobao.org/source-map/download/source-map-0.6.1.tgz",
      "integrity": "sha1-dHIq8y6WFOnCh6jQu95IteLxomM="
    },
    "source-map-support": {
      "version": "0.5.9",
      "resolved": "http://registry.npm.taobao.org/source-map-support/download/source-map-support-0.5.9.tgz",
      "integrity": "sha1-QbyVOyU0Jn6i1gW8z6e/oxEc7V8=",
      "requires": {
        "buffer-from": "^1.0.0",
        "source-map": "^0.6.0"
      }
    },
    "string-width": {
      "version": "2.1.1",
      "resolved": "http://registry.npm.taobao.org/string-width/download/string-width-2.1.1.tgz",
      "integrity": "sha1-q5Pyeo3BPSjKyBXEYhQ6bZASrp4=",
      "requires": {
        "is-fullwidth-code-point": "^2.0.0",
        "strip-ansi": "^4.0.0"
      }
    },
    "strip-ansi": {
      "version": "4.0.0",
      "resolved": "http://registry.npm.taobao.org/strip-ansi/download/strip-ansi-4.0.0.tgz",
      "integrity": "sha1-qEeQIusaw2iocTibY1JixQXuNo8=",
      "requires": {
        "ansi-regex": "^3.0.0"
      }
    },
    "strip-eof": {
      "version": "1.0.0",
      "resolved": "http://registry.npm.taobao.org/strip-eof/download/strip-eof-1.0.0.tgz",
      "integrity": "sha1-u0P/VZim6wXYm1n80SnJgzE2Br8="
    },
    "subscriptions-transport-ws": {
      "version": "0.9.8",
      "resolved": "http://registry.npm.taobao.org/subscriptions-transport-ws/download/subscriptions-transport-ws-0.9.8.tgz",
      "integrity": "sha1-OiarluBveM9Kzo0IP2In+lWXCUc=",
      "requires": {
        "backo2": "^1.0.2",
        "eventemitter3": "^2.0.3",
        "iterall": "^1.2.1",
        "lodash.assign": "^4.2.0",
        "lodash.isobject": "^3.0.2",
        "lodash.isstring": "^4.0.1",
        "symbol-observable": "^1.0.4",
        "ws": "^3.0.0"
      }
    },
    "symbol-observable": {
      "version": "1.2.0",
      "resolved": "http://registry.npm.taobao.org/symbol-observable/download/symbol-observable-1.2.0.tgz",
      "integrity": "sha1-wiaIrtTqs83C3+rLtWFmBWCgCAQ="
    },
    "ts-node": {
      "version": "6.2.0",
      "resolved": "http://registry.npm.taobao.org/ts-node/download/ts-node-6.2.0.tgz",
      "integrity": "sha1-ZaCuKszjGepP16yNfJ8fkMXaa68=",
      "requires": {
        "arrify": "^1.0.0",
        "buffer-from": "^1.1.0",
        "diff": "^3.1.0",
        "make-error": "^1.1.1",
        "minimist": "^1.2.0",
        "mkdirp": "^0.5.1",
        "source-map-support": "^0.5.6",
        "yn": "^2.0.0"
      }
    },
    "ultron": {
      "version": "1.1.1",
      "resolved": "http://registry.npm.taobao.org/ultron/download/ultron-1.1.1.tgz",
      "integrity": "sha1-n+FTahCmZKZSZqHjzPhf02MCvJw="
    },
    "whatwg-fetch": {
      "version": "2.0.4",
      "resolved": "http://registry.npm.taobao.org/whatwg-fetch/download/whatwg-fetch-2.0.4.tgz",
      "integrity": "sha1-3eal3zFfnTmZGqF2IYU9cguFVm8="
    },
    "which": {
      "version": "1.3.1",
      "resolved": "http://registry.npm.taobao.org/which/download/which-1.3.1.tgz",
      "integrity": "sha1-pFBD1U9YBTFtqNYvn1CRjT2nCwo=",
      "requires": {
        "isexe": "^2.0.0"
      }
    },
    "which-module": {
      "version": "2.0.0",
      "resolved": "http://registry.npm.taobao.org/which-module/download/which-module-2.0.0.tgz",
      "integrity": "sha1-2e8H3Od7mQK4o6j6SzHD4/fm6Ho="
    },
    "wrap-ansi": {
      "version": "2.1.0",
      "resolved": "http://registry.npm.taobao.org/wrap-ansi/download/wrap-ansi-2.1.0.tgz",
      "integrity": "sha1-2Pw9KE3QV5T+hJc8rs3Rz4JP3YU=",
      "requires": {
        "string-width": "^1.0.1",
        "strip-ansi": "^3.0.1"
      },
      "dependencies": {
        "ansi-regex": {
          "version": "2.1.1",
          "resolved": "http://registry.npm.taobao.org/ansi-regex/download/ansi-regex-2.1.1.tgz",
          "integrity": "sha1-w7M6te42DYbg5ijwRorn7yfWVN8="
        },
        "is-fullwidth-code-point": {
          "version": "1.0.0",
          "resolved": "http://registry.npm.taobao.org/is-fullwidth-code-point/download/is-fullwidth-code-point-1.0.0.tgz",
          "integrity": "sha1-754xOG8DGn8NZDr4L95QxFfvAMs=",
          "requires": {
            "number-is-nan": "^1.0.0"
          }
        },
        "string-width": {
          "version": "1.0.2",
          "resolved": "http://registry.npm.taobao.org/string-width/download/string-width-1.0.2.tgz",
          "integrity": "sha1-EYvfW4zcUaKn5w0hHgfisLmxB9M=",
          "requires": {
            "code-point-at": "^1.0.0",
            "is-fullwidth-code-point": "^1.0.0",
            "strip-ansi": "^3.0.0"
          }
        },
        "strip-ansi": {
          "version": "3.0.1",
          "resolved": "http://registry.npm.taobao.org/strip-ansi/download/strip-ansi-3.0.1.tgz",
          "integrity": "sha1-ajhfuIU9lS1f8F0Oiq+UJ43GPc8=",
          "requires": {
            "ansi-regex": "^2.0.0"
          }
        }
      }
    },
    "ws": {
      "version": "3.3.3",
      "resolved": "http://registry.npm.taobao.org/ws/download/ws-3.3.3.tgz",
      "integrity": "sha1-8c+E/i1ekB686U767OeF8YeiKPI=",
      "requires": {
        "async-limiter": "~1.0.0",
        "safe-buffer": "~5.1.0",
        "ultron": "~1.1.0"
      }
    },
    "xregexp": {
      "version": "4.0.0",
      "resolved": "http://registry.npm.taobao.org/xregexp/download/xregexp-4.0.0.tgz",
      "integrity": "sha1-5pgYneSd0qGMxWh7BeF8jkOUMCA="
    },
    "xtend": {
      "version": "4.0.1",
      "resolved": "http://registry.npm.taobao.org/xtend/download/xtend-4.0.1.tgz",
      "integrity": "sha1-pcbVMr5lbiPbgg77lDofBJmNY68="
    },
    "y18n": {
      "version": "3.2.1",
      "resolved": "http://registry.npm.taobao.org/y18n/download/y18n-3.2.1.tgz",
      "integrity": "sha1-bRX7qITAhnnA136I53WegR4H+kE="
    },
    "yallist": {
      "version": "2.1.2",
      "resolved": "http://registry.npm.taobao.org/yallist/download/yallist-2.1.2.tgz",
      "integrity": "sha1-HBH5IY8HYImkfdUS+TxmmaaoHVI="
    },
    "yargs": {
      "version": "12.0.1",
      "resolved": "http://registry.npm.taobao.org/yargs/download/yargs-12.0.1.tgz",
      "integrity": "sha1-ZDLlYSO7Tnw1YhFUAemDdAYCYcI=",
      "requires": {
        "cliui": "^4.0.0",
        "decamelize": "^2.0.0",
        "find-up": "^3.0.0",
        "get-caller-file": "^1.0.1",
        "os-locale": "^2.0.0",
        "require-directory": "^2.1.1",
        "require-main-filename": "^1.0.1",
        "set-blocking": "^2.0.0",
        "string-width": "^2.0.0",
        "which-module": "^2.0.0",
        "y18n": "^3.2.1 || ^4.0.0",
        "yargs-parser": "^10.1.0"
      },
      "dependencies": {
        "decamelize": {
          "version": "2.0.0",
          "resolved": "http://registry.npm.taobao.org/decamelize/download/decamelize-2.0.0.tgz",
          "integrity": "sha1-ZW17vICUxMeI6lPFhAkIycfQY8c=",
          "requires": {
            "xregexp": "4.0.0"
          }
        },
        "find-up": {
          "version": "3.0.0",
          "resolved": "http://registry.npm.taobao.org/find-up/download/find-up-3.0.0.tgz",
          "integrity": "sha1-SRafHXmTQwZG2mHsxa41XCHJe3M=",
          "requires": {
            "locate-path": "^3.0.0"
          }
        },
        "locate-path": {
          "version": "3.0.0",
          "resolved": "http://registry.npm.taobao.org/locate-path/download/locate-path-3.0.0.tgz",
          "integrity": "sha1-2+w7OrdZdYBxtY/ln8QYca8hQA4=",
          "requires": {
            "p-locate": "^3.0.0",
            "path-exists": "^3.0.0"
          }
        },
        "p-limit": {
          "version": "2.0.0",
          "resolved": "http://registry.npm.taobao.org/p-limit/download/p-limit-2.0.0.tgz",
          "integrity": "sha1-5iTtVO6MRgp3izyfNnBJb/ileuw=",
          "requires": {
            "p-try": "^2.0.0"
          }
        },
        "p-locate": {
          "version": "3.0.0",
          "resolved": "http://registry.npm.taobao.org/p-locate/download/p-locate-3.0.0.tgz",
          "integrity": "sha1-Mi1poFwCZLJZl9n0DNiokasAZKQ=",
          "requires": {
            "p-limit": "^2.0.0"
          }
        },
        "p-try": {
          "version": "2.0.0",
          "resolved": "http://registry.npm.taobao.org/p-try/download/p-try-2.0.0.tgz",
          "integrity": "sha1-hQgLuHxkaI+keZb+j3376CEXYLE="
        },
        "yargs-parser": {
          "version": "10.1.0",
          "resolved": "http://registry.npm.taobao.org/yargs-parser/download/yargs-parser-10.1.0.tgz",
          "integrity": "sha1-cgImW4n36eny5XZeD+c1qQXtuqg=",
          "requires": {
            "camelcase": "^4.1.0"
          }
        }
      }
    },
    "yargs-parser": {
      "version": "9.0.2",
      "resolved": "http://registry.npm.taobao.org/yargs-parser/download/yargs-parser-9.0.2.tgz",
      "integrity": "sha1-nM9qQ0YP5O1Aqbto9I1DuKaMwHc=",
      "requires": {
        "camelcase": "^4.1.0"
      }
    },
    "yn": {
      "version": "2.0.0",
      "resolved": "http://registry.npm.taobao.org/yn/download/yn-2.0.0.tgz",
      "integrity": "sha1-5a2ryKz0CPY4X8dklWhMiOavaJo="
    },
    "zen-observable": {
      "version": "0.8.9",
      "resolved": "http://registry.npm.taobao.org/zen-observable/download/zen-observable-0.8.9.tgz",
      "integrity": "sha1-BHXHYP8O2gRrvfpNw/ldOSgHrFM="
    },
    "zen-observable-ts": {
      "version": "0.8.9",
      "resolved": "http://registry.npm.taobao.org/zen-observable-ts/download/zen-observable-ts-0.8.9.tgz",
      "integrity": "sha1-08l68IwK/co368rffMPulr2purE=",
      "requires": {
        "zen-observable": "^0.8.0"
      }
    }
  }
}
